
Microsoft Visual Studio Solution File, Format Version 12.00
# Visual Studio Version 16
VisualStudioVersion = 16.0.30503.244
MinimumVisualStudioVersion = 10.0.40219.1
Project("{9A19103F-16F7-4668-BE54-9A1E7A4F7556}") = "JustTry", "JustTry\JustTry.csproj", "{F4EF833B-F2D4-473E-A7A8-5AA3513C9E77}"
EndProject
Global
	GlobalSection(SolutionConfigurationPlatforms) = preSolution
		Debug|Any CPU = Debug|Any CPU
		Release|Any CPU = Release|Any CPU
	EndGlobalSection
	GlobalSection(ProjectConfigurationPlatforms) = postSolution
		{F4EF833B-F2D4-473E-A7A8-5AA3513C9E77}.Debug|Any CPU.ActiveCfg = Debug|Any CPU
		{F4EF833B-F2D4-473E-A7A8-5AA3513C9E77}.Debug|Any CPU.Build.0 = Debug|Any CPU
		{F4EF833B-F2D4-473E-A7A8-5AA3513C9E77}.Release|Any CPU.ActiveCfg = Release|Any CPU
		{F4EF833B-F2D4-473E-A7A8-5AA3513C9E77}.Release|Any CPU.Build.0 = Release|Any CPU
	EndGlobalSection
	GlobalSection(SolutionProperties) = preSolution
		HideSolutionNode = FALSE
	EndGlobalSection
	GlobalSection(ExtensibilityGlobals) = postSolution
		SolutionGuid = {0C15D713-CC6D-41A6-A4C2-56B4AD6F3C20}
	EndGlobalSection
EndGlobal
